// !$*UTF8*$!
{
	archiveVersion = 1;
	classes = {
	};
	objectVersion = 46;
	objects = {

/* Begin PBXBuildFile section */
		AF2E0AAF1E7CB62C00F5DBA9 /* LICENSE in Resources */ = {isa = PBXBuildFile; fileRef = AF2E0AAE1E7CB62C00F5DBA9 /* LICENSE */; };
		AF4A235F1DD6BCF700F21A01 /* AppDelegate.swift in Sources */ = {isa = PBXBuildFile; fileRef = AF4A235E1DD6BCF700F21A01 /* AppDelegate.swift */; };
		AF4A23611DD6BCF700F21A01 /* ViewController.swift in Sources */ = {isa = PBXBuildFile; fileRef = AF4A23601DD6BCF700F21A01 /* ViewController.swift */; };
		AF4A23641DD6BCF700F21A01 /* Main.storyboard in Resources */ = {isa = PBXBuildFile; fileRef = AF4A23621DD6BCF700F21A01 /* Main.storyboard */; };
		AF4A23661DD6BCF700F21A01 /* Assets.xcassets in Resources */ = {isa = PBXBuildFile; fileRef = AF4A23651DD6BCF700F21A01 /* Assets.xcassets */; };
		AF4A23691DD6BCF700F21A01 /* LaunchScreen.storyboard in Resources */ = {isa = PBXBuildFile; fileRef = AF4A23671DD6BCF700F21A01 /* LaunchScreen.storyboard */; };
		AF4A23731DD6BD3000F21A01 /* KPRColorPickerAssets.xcassets in Resources */ = {isa = PBXBuildFile; fileRef = AF4A23711DD6BD3000F21A01 /* KPRColorPickerAssets.xcassets */; };
		AF4A23741DD6BD3000F21A01 /* KPRColorPicker.swift in Sources */ = {isa = PBXBuildFile; fileRef = AF4A23721DD6BD3000F21A01 /* KPRColorPicker.swift */; };
		AFA676F81DD713A0002FD35C /* Simulator Screen Shot Nov 12, 2016, 2.40.15 PM.png in Resources */ = {isa = PBXBuildFile; fileRef = AFA676F71DD713A0002FD35C /* Simulator Screen Shot Nov 12, 2016, 2.40.15 PM.png */; };
/* End PBXBuildFile section */

/* Begin PBXFileReference section */
		AF2E0AAE1E7CB62C00F5DBA9 /* LICENSE */ = {isa = PBXFileReference; fileEncoding = 4; lastKnownFileType = text; path = LICENSE; sourceTree = "<group>"; };
		AF4A235B1DD6BCF700F21A01 /* KPRColorPicker-Example.app */ = {isa = PBXFileReference; explicitFileType = wrapper.application; includeInIndex = 0; path = "KPRColorPicker-Example.app"; sourceTree = BUILT_PRODUCTS_DIR; };
		AF4A235E1DD6BCF700F21A01 /* AppDelegate.swift */ = {isa = PBXFileReference; lastKnownFileType = sourcecode.swift; path = AppDelegate.swift; sourceTree = "<group>"; };
		AF4A23601DD6BCF700F21A01 /* ViewController.swift */ = {isa = PBXFileReference; lastKnownFileType = sourcecode.swift; path = ViewController.swift; sourceTree = "<group>"; };
		AF4A23631DD6BCF700F21A01 /* Base */ = {isa = PBXFileReference; lastKnownFileType = file.storyboard; name = Base; path = Base.lproj/Main.storyboard; sourceTree = "<group>"; };
		AF4A23651DD6BCF700F21A01 /* Assets.xcassets */ = {isa = PBXFileReference; lastKnownFileType = folder.assetcatalog; path = Assets.xcassets; sourceTree = "<group>"; };
		AF4A23681DD6BCF700F21A01 /* Base */ = {isa = PBXFileReference; lastKnownFileType = file.storyboard; name = Base; path = Base.lproj/LaunchScreen.storyboard; sourceTree = "<group>"; };
		AF4A236A1DD6BCF700F21A01 /* Info.plist */ = {isa = PBXFileReference; lastKnownFileType = text.plist.xml; path = Info.plist; sourceTree = "<group>"; };
		AF4A23711DD6BD3000F21A01 /* KPRColorPickerAssets.xcassets */ = {isa = PBXFileReference; lastKnownFileType = folder.assetcatalog; path = KPRColorPickerAssets.xcassets; sourceTree = "<group>"; };
		AF4A23721DD6BD3000F21A01 /* KPRColorPicker.swift */ = {isa = PBXFileReference; fileEncoding = 4; lastKnownFileType = sourcecode.swift; path = KPRColorPicker.swift; sourceTree = "<group>"; };
		AFA676F31DD7114D002FD35C /* README.md */ = {isa = PBXFileReference; fileEncoding = 4; lastKnownFileType = net.daringfireball.markdown; path = README.md; sourceTree = "<group>"; };
		AFA676F71DD713A0002FD35C /* Simulator Screen Shot Nov 12, 2016, 2.40.15 PM.png */ = {isa = PBXFileReference; lastKnownFileType = image.png; path = "Simulator Screen Shot Nov 12, 2016, 2.40.15 PM.png"; sourceTree = "<group>"; };
/* End PBXFileReference section */

/* Begin PBXFrameworksBuildPhase section */
		AF4A23581DD6BCF700F21A01 /* Frameworks */ = {
			isa = PBXFrameworksBuildPhase;
			buildActionMask = 2147483647;
			files = (
			);
			runOnlyForDeploymentPostprocessing = 0;
		};
/* End PBXFrameworksBuildPhase section */

/* Begin PBXGroup section */
		AF4A23521DD6BCF700F21A01 = {
			isa = PBXGroup;
			children = (
				AF2E0AAE1E7CB62C00F5DBA9 /* LICENSE */,
				AFA676F31DD7114D002FD35C /* README.md */,
				AFA676F71DD713A0002FD35C /* Simulator Screen Shot Nov 12, 2016, 2.40.15 PM.png */,
				AF4A235D1DD6BCF700F21A01 /* KPRColorPicker-Example */,
				AF4A235C1DD6BCF700F21A01 /* Products */,
			);
			sourceTree = "<group>";
		};
		AF4A235C1DD6BCF700F21A01 /* Products */ = {
			isa = PBXGroup;
			children = (
				AF4A235B1DD6BCF700F21A01 /* KPRColorPicker-Example.app */,
			);
			name = Products;
			sourceTree = "<group>";
		};
		AF4A235D1DD6BCF700F21A01 /* KPRColorPicker-Example */ = {
			isa = PBXGroup;
			children = (
				AF4A23701DD6BD3000F21A01 /* KPRColorPicker */,
				AF4A235E1DD6BCF700F21A01 /* AppDelegate.swift */,
				AF4A23601DD6BCF700F21A01 /* ViewController.swift */,
				AF4A23621DD6BCF700F21A01 /* Main.storyboard */,
				AF4A23651DD6BCF700F21A01 /* Assets.xcassets */,
				AF4A23671DD6BCF700F21A01 /* LaunchScreen.storyboard */,
				AF4A236A1DD6BCF700F21A01 /* Info.plist */,
			);
			path = "KPRColorPicker-Example";
			sourceTree = "<group>";
		};
		AF4A23701DD6BD3000F21A01 /* KPRColorPicker */ = {
			isa = PBXGroup;
			children = (
				AF4A23711DD6BD3000F21A01 /* KPRColorPickerAssets.xcassets */,
				AF4A23721DD6BD3000F21A01 /* KPRColorPicker.swift */,
			);
			path = KPRColorPicker;
			sourceTree = "<group>";
		};
/* End PBXGroup section */

/* Begin PBXNativeTarget section */
		AF4A235A1DD6BCF700F21A01 /* KPRColorPicker-Example */ = {
			isa = PBXNativeTarget;
			buildConfigurationList = AF4A236D1DD6BCF700F21A01 /* Build configuration list for PBXNativeTarget "KPRColorPicker-Example" */;
			buildPhases = (
				AF4A23571DD6BCF700F21A01 /* Sources */,
				AF4A23581DD6BCF700F21A01 /* Frameworks */,
				AF4A23591DD6BCF700F21A01 /* Resources */,
			);
			buildRules = (
			);
			dependencies = (
			);
			name = "KPRColorPicker-Example";
			productName = "KPRColorPicker-Example";
			productReference = AF4A235B1DD6BCF700F21A01 /* KPRColorPicker-Example.app */;
			productType = "com.apple.product-type.application";
		};
/* End PBXNativeTarget section */

/* Begin PBXProject section */
		AF4A23531DD6BCF700F21A01 /* Project object */ = {
			isa = PBXProject;
			attributes = {
				LastSwiftUpdateCheck = 0810;
				LastUpgradeCheck = 0810;
				ORGANIZATIONNAME = "Ky Pichratanak";
				TargetAttributes = {
					AF4A235A1DD6BCF700F21A01 = {
						CreatedOnToolsVersion = 8.1;
						LastSwiftMigration = 0810;
						ProvisioningStyle = Automatic;
					};
				};
			};
			buildConfigurationList = AF4A23561DD6BCF700F21A01 /* Build configuration list for PBXProject "KPRColorPicker-Example" */;
			compatibilityVersion = "Xcode 3.2";
			developmentRegion = English;
			hasScannedForEncodings = 0;
			knownRegions = (
				en,
				Base,
			);
			mainGroup = AF4A23521DD6BCF700F21A01;
			productRefGroup = AF4A235C1DD6BCF700F21A01 /* Products */;
			projectDirPath = "";
			projectRoot = "";
			targets = (
				AF4A235A1DD6BCF700F21A01 /* KPRColorPicker-Example */,
			);
		};
/* End PBXProject section */

/* Begin PBXResourcesBuildPhase section */
		AF4A23591DD6BCF700F21A01 /* Resources */ = {
			isa = PBXResourcesBuildPhase;
			buildActionMask = 2147483647;
			files = (
				AF2E0AAF1E7CB62C00F5DBA9 /* LICENSE in Resources */,
				AF4A23691DD6BCF700F21A01 /* LaunchScreen.storyboard in Resources */,
				AF4A23661DD6BCF700F21A01 /* Assets.xcassets in Resources */,
				AF4A23731DD6BD3000F21A01 /* KPRColorPickerAssets.xcassets in Resources */,
				AF4A23641DD6BCF700F21A01 /* Main.storyboard in Resources */,
				AFA676F81DD713A0002FD35C /* Simulator Screen Shot Nov 12, 2016, 2.40.15 PM.png in Resources */,
			);
			runOnlyForDeploymentPostprocessing = 0;
		};
/* End PBXResourcesBuildPhase section */

/* Begin PBXSourcesBuildPhase section */
		AF4A23571DD6BCF700F21A01 /* Sources */ = {
			isa = PBXSourcesBuildPhase;
			buildActionMask = 2147483647;
			files = (
				AF4A23611DD6BCF700F21A01 /* ViewController.swift in Sources */,
				AF4A235F1DD6BCF700F21A01 /* AppDelegate.swift in Sources */,
				AF4A23741DD6BD3000F21A01 /* KPRColorPicker.swift in Sources */,
			);
			runOnlyForDeploymentPostprocessing = 0;
		};
/* End PBXSourcesBuildPhase section */

/* Begin PBXVariantGroup section */
		AF4A23621DD6BCF700F21A01 /* Main.storyboard */ = {
			isa = PBXVariantGroup;
			children = (
				AF4A23631DD6BCF700F21A01 /* Base */,
			);
			name = Main.storyboard;
			sourceTree = "<group>";
		};
		AF4A23671DD6BCF700F21A01 /* LaunchScreen.storyboard */ = {
			isa = PBXVariantGroup;
			children = (
				AF4A23681DD6BCF700F21A01 /* Base */,
			);
			name = LaunchScreen.storyboard;
			sourceTree = "<group>";
		};
/* End PBXVariantGroup section */

/* Begin XCBuildConfiguration section */
		AF4A236B1DD6BCF700F21A01 /* Debug */ = {
			isa = XCBuildConfiguration;
			buildSettings = {
				ALWAYS_SEARCH_USER_PATHS = NO;
				CLANG_ANALYZER_NONNULL = YES;
				CLANG_CXX_LANGUAGE_STANDARD = "gnu++0x";
				CLANG_CXX_LIBRARY = "libc++";
				CLANG_ENABLE_MODULES = YES;
				CLANG_ENABLE_OBJC_ARC = YES;
				CLANG_WARN_BOOL_CONVERSION = YES;
				CLANG_WARN_CONSTANT_CONVERSION = YES;
				CLANG_WARN_DIRECT_OBJC_ISA_USAGE = YES_ERROR;
				CLANG_WARN_DOCUMENTATION_COMMENTS = YES;
				CLANG_WARN_EMPTY_BODY = YES;
				CLANG_WARN_ENUM_CONVERSION = YES;
				CLANG_WARN_INFINITE_RECURSION = YES;
				CLANG_WARN_INT_CONVERSION = YES;
				CLANG_WARN_OBJC_ROOT_CLASS = YES_ERROR;
				CLANG_WARN_SUSPICIOUS_MOVES = YES;
				CLANG_WARN_UNREACHABLE_CODE = YES;
				CLANG_WARN__DUPLICATE_METHOD_MATCH = YES;
				"CODE_SIGN_IDENTITY[sdk=iphoneos*]" = "iPhone Developer";
				COPY_PHASE_STRIP = NO;
				DEBUG_INFORMATION_FORMAT = dwarf;
				ENABLE_STRICT_OBJC_MSGSEND = YES;
				ENABLE_TESTABILITY = YES;
				GCC_C_LANGUAGE_STANDARD = gnu99;
				GCC_DYNAMIC_NO_PIC = NO;
				GCC_NO_COMMON_BLOCKS = YES;
				GCC_OPTIMIZATION_LEVEL = 0;
				GCC_PREPROCESSOR_DEFINITIONS = (
					"DEBUG=1",
					"$(inherited)",
				);
				GCC_WARN_64_TO_32_BIT_CONVERSION = YES;
				GCC_WARN_ABOUT_RETURN_TYPE = YES_ERROR;
				GCC_WARN_UNDECLARED_SELECTOR = YES;
				GCC_WARN_UNINITIALIZED_AUTOS = YES_AGGRESSIVE;
				GCC_WARN_UNUSED_FUNCTION = YES;
				GCC_WARN_UNUSED_VARIABLE = YES;
				IPHONEOS_DEPLOYMENT_TARGET = 10.1;
				MTL_ENABLE_DEBUG_INFO = YES;
				ONLY_ACTIVE_ARCH = YES;
				SDKROOT = iphoneos;
				SWIFT_ACTIVE_COMPILATION_CONDITIONS = DEBUG;
				SWIFT_OPTIMIZATION_LEVEL = "-Onone";
			};
			name = Debug;
		};
		AF4A236C1DD6BCF700F21A01 /* Release */ = {
			isa = XCBuildConfiguration;
			buildSettings = {
				ALWAYS_SEARCH_USER_PATHS = NO;
				CLANG_ANALYZER_NONNULL = YES;
				CLANG_CXX_LANGUAGE_STANDARD = "gnu++0x";
				CLANG_CXX_LIBRARY = "libc++";
				CLANG_ENABLE_MODULES = YES;
				CLANG_ENABLE_OBJC_ARC = YES;
				CLANG_WARN_BOOL_CONVERSION = YES;
				CLANG_WARN_CONSTANT_CONVERSION = YES;
				CLANG_WARN_DIRECT_OBJC_ISA_USAGE = YES_ERROR;
				CLANG_WARN_DOCUMENTATION_COMMENTS = YES;
				CLANG_WARN_EMPTY_BODY = YES;
				CLANG_WARN_ENUM_CONVERSION = YES;
				CLANG_WARN_INFINITE_RECURSION = YES;
				CLANG_WARN_INT_CONVERSION = YES;
				CLANG_WARN_OBJC_ROOT_CLASS = YES_ERROR;
				CLANG_WARN_SUSPICIOUS_MOVES = YES;
				CLANG_WARN_UNREACHABLE_CODE = YES;
				CLANG_WARN__DUPLICATE_METHOD_MATCH = YES;
				"CODE_SIGN_IDENTITY[sdk=iphoneos*]" = "iPhone Developer";
				COPY_PHASE_STRIP = NO;
				DEBUG_INFORMATION_FORMAT = "dwarf-with-dsym";
				ENABLE_NS_ASSERTIONS = NO;
				ENABLE_STRICT_OBJC_MSGSEND = YES;
				GCC_C_LANGUAGE_STANDARD = gnu99;
				GCC_NO_COMMON_BLOCKS = YES;
				GCC_WARN_64_TO_32_BIT_CONVERSION = YES;
				GCC_WARN_ABOUT_RETURN_TYPE = YES_ERROR;
				GCC_WARN_UNDECLARED_SELECTOR = YES;
				GCC_WARN_UNINITIALIZED_AUTOS = YES_AGGRESSIVE;
				GCC_WARN_UNUSED_FUNCTION = YES;
				GCC_WARN_UNUSED_VARIABLE = YES;
				IPHONEOS_DEPLOYMENT_TARGET = 10.1;
				MTL_ENABLE_DEBUG_INFO = NO;
				SDKROOT = iphoneos;
				SWIFT_OPTIMIZATION_LEVEL = "-Owholemodule";
				VALIDATE_PRODUCT = YES;
			};
			name = Release;
		};
		AF4A236E1DD6BCF700F21A01 /* Debug */ = {
			isa = XCBuildConfiguration;
			buildSettings = {
				ASSETCATALOG_COMPILER_APPICON_NAME = AppIcon;
				DEVELOPMENT_TEAM = "";
				INFOPLIST_FILE = "KPRColorPicker-Example/Info.plist";
				IPHONEOS_DEPLOYMENT_TARGET = 9;
				LD_RUNPATH_SEARCH_PATHS = "$(inherited) @executable_path/Frameworks";
				PRODUCT_BUNDLE_IDENTIFIER = "com.thekpr.KPRColorPicker-Example";
				PRODUCT_NAME = "$(TARGET_NAME)";
				SWIFT_VERSION = 3.0;
			};
			name = Debug;
		};
		AF4A236F1DD6BCF700F21A01 /* Release */ = {
			isa = XCBuildConfiguration;
			buildSettings = {
				ASSETCATALOG_COMPILER_APPICON_NAME = AppIcon;
				DEVELOPMENT_TEAM = "";
				INFOPLIST_FILE = "KPRColorPicker-Example/Info.plist";
				IPHONEOS_DEPLOYMENT_TARGET = 9;
				LD_RUNPATH_SEARCH_PATHS = "$(inherited) @executable_path/Frameworks";
				PRODUCT_BUNDLE_IDENTIFIER = "com.thekpr.KPRColorPicker-Example";
				PRODUCT_NAME = "$(TARGET_NAME)";
				SWIFT_VERSION = 3.0;
			};
			name = Release;
		};
/* End XCBuildConfiguration section */

/* Begin XCConfigurationList section */
		AF4A23561DD6BCF700F21A01 /* Build configuration list for PBXProject "KPRColorPicker-Example" */ = {
			isa = XCConfigurationList;
			buildConfigurations = (
				AF4A236B1DD6BCF700F21A01 /* Debug */,
				AF4A236C1DD6BCF700F21A01 /* Release */,
			);
			defaultConfigurationIsVisible = 0;
			defaultConfigurationName = Release;
		};
		AF4A236D1DD6BCF700F21A01 /* Build configuration list for PBXNativeTarget "KPRColorPicker-Example" */ = {
			isa = XCConfigurationList;
			buildConfigurations = (
				AF4A236E1DD6BCF700F21A01 /* Debug */,
				AF4A236F1DD6BCF700F21A01 /* Release */,
			);
			defaultConfigurationIsVisible = 0;
			defaultConfigurationName = Release;
		};
/* End XCConfigurationList section */
	};
	rootObject = AF4A23531DD6BCF700F21A01 /* Project object */;
}
